
Microsoft Visual Studio Solution File, Format Version 12.00
# Visual Studio Version 17
VisualStudioVersion = 17.4.33213.308
MinimumVisualStudioVersion = 10.0.40219.1
Project("{9A19103F-16F7-4668-BE54-9A1E7A4F7556}") = "PlacementManagement", "PlacementManagement\PlacementManagement.csproj", "{F9D30BF9-7D9E-4062-9696-2094F9B6EF43}"
EndProject
Project("{9A19103F-16F7-4668-BE54-9A1E7A4F7556}") = "PlacementManagement.BAL", "PlacementManagement.BAL\PlacementManagement.BAL.csproj", "{80A64FCA-5AA3-4D3D-8183-43A0B0F0DEF0}"
EndProject
Project("{9A19103F-16F7-4668-BE54-9A1E7A4F7556}") = "PlacementManagement.DAL", "PlacementManagement.DAL\PlacementManagement.DAL.csproj", "{065A5B26-CAF8-406A-9982-F934BBE4D88E}"
EndProject
Global
	GlobalSection(SolutionConfigurationPlatforms) = preSolution
		Debug|Any CPU = Debug|Any CPU
		Release|Any CPU = Release|Any CPU
	EndGlobalSection
	GlobalSection(ProjectConfigurationPlatforms) = postSolution
		{F9D30BF9-7D9E-4062-9696-2094F9B6EF43}.Debug|Any CPU.ActiveCfg = Debug|Any CPU
		{F9D30BF9-7D9E-4062-9696-2094F9B6EF43}.Debug|Any CPU.Build.0 = Debug|Any CPU
		{F9D30BF9-7D9E-4062-9696-2094F9B6EF43}.Release|Any CPU.ActiveCfg = Release|Any CPU
		{F9D30BF9-7D9E-4062-9696-2094F9B6EF43}.Release|Any CPU.Build.0 = Release|Any CPU
		{80A64FCA-5AA3-4D3D-8183-43A0B0F0DEF0}.Debug|Any CPU.ActiveCfg = Debug|Any CPU
		{80A64FCA-5AA3-4D3D-8183-43A0B0F0DEF0}.Debug|Any CPU.Build.0 = Debug|Any CPU
		{80A64FCA-5AA3-4D3D-8183-43A0B0F0DEF0}.Release|Any CPU.ActiveCfg = Release|Any CPU
		{80A64FCA-5AA3-4D3D-8183-43A0B0F0DEF0}.Release|Any CPU.Build.0 = Release|Any CPU
		{065A5B26-CAF8-406A-9982-F934BBE4D88E}.Debug|Any CPU.ActiveCfg = Debug|Any CPU
		{065A5B26-CAF8-406A-9982-F934BBE4D88E}.Debug|Any CPU.Build.0 = Debug|Any CPU
		{065A5B26-CAF8-406A-9982-F934BBE4D88E}.Release|Any CPU.ActiveCfg = Release|Any CPU
		{065A5B26-CAF8-406A-9982-F934BBE4D88E}.Release|Any CPU.Build.0 = Release|Any CPU
	EndGlobalSection
	GlobalSection(SolutionProperties) = preSolution
		HideSolutionNode = FALSE
	EndGlobalSection
	GlobalSection(ExtensibilityGlobals) = postSolution
		SolutionGuid = {3644B850-8652-42D0-9287-75E79835F55B}
	EndGlobalSection
EndGlobal
